# THIS IS AN AUTOGENERATED FILE. DO NOT EDIT THIS FILE DIRECTLY.
# yarn lockfile v1


"@babel/runtime@^7.15.4":
  "integrity" "sha512-mrzLkl6U9YLF8qpqI7TB82PESyEGjm/0Ly91jG575eVxMMlb8fYfOXFZIJ8XfLrJZQbm7dlKry2bJmXBUEkdFg=="
  "resolved" "https://registry.npmjs.org/@babel/runtime/-/runtime-7.20.1.tgz"
  "version" "7.20.1"
  dependencies:
    "regenerator-runtime" "^0.13.10"

"@fastify/ajv-compiler@^3.3.1":
  "integrity" "sha512-69JnK7Cot+ktn7LD5TikP3b7psBPX55tYpQa8WSumt8r117PCa2zwHnImfBtRWYExreJlI48hr0WZaVrTBGj7w=="
  "resolved" "https://registry.npmjs.org/@fastify/ajv-compiler/-/ajv-compiler-3.4.0.tgz"
  "version" "3.4.0"
  dependencies:
    "ajv" "^8.11.0"
    "ajv-formats" "^2.1.1"
    "fast-uri" "^2.0.0"

"@fastify/deepmerge@^1.0.0":
  "integrity" "sha512-E8Hfdvs1bG6u0N4vN5Nty6JONUfTdOciyD5rn8KnEsLKIenvOVcr210BQR9t34PRkNyjqnMLGk3e0BsaxRdL+g=="
  "resolved" "https://registry.npmjs.org/@fastify/deepmerge/-/deepmerge-1.1.0.tgz"
  "version" "1.1.0"

"@fastify/error@^3.0.0":
  "integrity" "sha512-dPRyT40GiHRzSCll3/Jn2nPe25+E1VXc9tDwRAIKwFCxd5Np5wzgz1tmooWG3sV0qKgrBibihVoCna2ru4SEFg=="
  "resolved" "https://registry.npmjs.org/@fastify/error/-/error-3.0.0.tgz"
  "version" "3.0.0"

"@fastify/fast-json-stringify-compiler@^4.1.0":
  "integrity" "sha512-cTKBV2J9+u6VaKDhX7HepSfPSzw+F+TSd+k0wzifj4rG+4E5PjSFJCk19P8R6tr/72cuzgGd+mbB3jFT6lvAgw=="
  "resolved" "https://registry.npmjs.org/@fastify/fast-json-stringify-compiler/-/fast-json-stringify-compiler-4.1.0.tgz"
  "version" "4.1.0"
  dependencies:
    "fast-json-stringify" "^5.0.0"

"@socket.io/component-emitter@~3.1.0":
  "integrity" "sha512-+9jVqKhRSpsc591z5vX+X5Yyw+he/HCB4iQ/RYxw35CEPaY1gnsNE43nf9n9AaYjAQrTiI/mOwKUKdUs9vf7Xg=="
  "resolved" "https://registry.npmjs.org/@socket.io/component-emitter/-/component-emitter-3.1.0.tgz"
  "version" "3.1.0"

"@types/cookie@^0.4.1":
  "integrity" "sha512-XW/Aa8APYr6jSVVA1y/DEIZX0/GMKLEVekNG727R8cs56ahETkRAy/3DR7+fJyh7oUgGwNQaRfXCun0+KbWY7Q=="
  "resolved" "https://registry.npmjs.org/@types/cookie/-/cookie-0.4.1.tgz"
  "version" "0.4.1"

"@types/cors@^2.8.12":
  "integrity" "sha512-vt+kDhq/M2ayberEtJcIN/hxXy1Pk+59g2FV/ZQceeaTyCtCucjL2Q7FXlFjtWn4n15KCr1NE2lNNFhp0lEThw=="
  "resolved" "https://registry.npmjs.org/@types/cors/-/cors-2.8.12.tgz"
  "version" "2.8.12"

"@types/lodash@^4.14.175":
  "integrity" "sha512-MrO/xLXCaUgZy3y96C/iOsaIqZSeupyTImKClHunL5GrmaiII2VwvWmLBu2hwa0Kp0sV19CsyjtrTc/Fx8rg/A=="
  "resolved" "https://registry.npmjs.org/@types/lodash/-/lodash-4.14.187.tgz"
  "version" "4.14.187"

"@types/node@>=10.0.0":
  "integrity" "sha512-CRpX21/kGdzjOpFsZSkcrXMGIBWMGNIHXXBVFSH+ggkftxg+XYP20TESbh+zFvFj3EQOl5byk0HTRn1IL6hbqg=="
  "resolved" "https://registry.npmjs.org/@types/node/-/node-18.11.9.tgz"
  "version" "18.11.9"

"abort-controller@^3.0.0":
  "integrity" "sha512-h8lQ8tacZYnR3vNQTgibj+tODHI5/+l06Au2Pcriv/Gmet0eaj4TwWH41sO9wnHDiQsEj19q0drzdWdeAHtweg=="
  "resolved" "https://registry.npmjs.org/abort-controller/-/abort-controller-3.0.0.tgz"
  "version" "3.0.0"
  dependencies:
    "event-target-shim" "^5.0.0"

"abstract-logging@^2.0.1":
  "integrity" "sha512-2BjRTZxTPvheOvGbBslFSYOUkr+SjPtOnrLP33f+VIWLzezQpZcqVg7ja3L4dBXmzzgwT+a029jRx5PCi3JuiA=="
  "resolved" "https://registry.npmjs.org/abstract-logging/-/abstract-logging-2.0.1.tgz"
  "version" "2.0.1"

"accepts@~1.3.4", "accepts@~1.3.8":
  "integrity" "sha512-PYAthTa2m2VKxuvSD3DPC/Gy+U+sOA1LAuT8mkmRuvw+NACSaeXEQ+NHcVF7rONl6qcaxV3Uuemwawk+7+SJLw=="
  "resolved" "https://registry.npmjs.org/accepts/-/accepts-1.3.8.tgz"
  "version" "1.3.8"
  dependencies:
    "mime-types" "~2.1.34"
    "negotiator" "0.6.3"

"ajv-formats@^2.1.1":
  "integrity" "sha512-Wx0Kx52hxE7C18hkMEggYlEifqWZtYaRgouJor+WMdPnQyEK13vgEWyVNup7SoeeoLMsr4kf5h6dOW11I15MUA=="
  "resolved" "https://registry.npmjs.org/ajv-formats/-/ajv-formats-2.1.1.tgz"
  "version" "2.1.1"
  dependencies:
    "ajv" "^8.0.0"

"ajv@^8.0.0", "ajv@^8.10.0", "ajv@^8.11.0":
  "integrity" "sha512-wGgprdCvMalC0BztXvitD2hC04YffAvtsUn93JbGXYLAtCUO4xd17mCCZQxUOItiBwZvJScWo8NIvQMQ71rdpg=="
  "resolved" "https://registry.npmjs.org/ajv/-/ajv-8.11.0.tgz"
  "version" "8.11.0"
  dependencies:
    "fast-deep-equal" "^3.1.1"
    "json-schema-traverse" "^1.0.0"
    "require-from-string" "^2.0.2"
    "uri-js" "^4.2.2"

"archy@^1.0.0":
  "integrity" "sha512-Xg+9RwCg/0p32teKdGMPTPnVXKD0w3DfHnFTficozsAgsvq2XenPJq/MYpzzQ/v8zrOyJn6Ds39VA4JIDwFfqw=="
  "resolved" "https://registry.npmjs.org/archy/-/archy-1.0.0.tgz"
  "version" "1.0.0"

"array-flatten@1.1.1":
  "integrity" "sha512-PCVAQswWemu6UdxsDFFX/+gVeYqKAod3D3UVm91jHwynguOwAvYPhx8nNlM++NqRcK6CxxpUafjmhIdKiHibqg=="
  "resolved" "https://registry.npmjs.org/array-flatten/-/array-flatten-1.1.1.tgz"
  "version" "1.1.1"

"async@^3.2.4":
  "integrity" "sha512-iAB+JbDEGXhyIUavoDl9WP/Jj106Kz9DEn1DPgYw5ruDn0e3Wgi3sKFm55sASdGBNOQB8F59d9qQ7deqrHA8wQ=="
  "resolved" "https://registry.npmjs.org/async/-/async-3.2.4.tgz"
  "version" "3.2.4"

"atomic-sleep@^1.0.0":
  "integrity" "sha512-kNOjDqAh7px0XWNI+4QbzoiR/nTkHAWNud2uvnJquD1/x5a7EQZMJT0AczqK0Qn67oY/TTQ1LbUKajZpp3I9tQ=="
  "resolved" "https://registry.npmjs.org/atomic-sleep/-/atomic-sleep-1.0.0.tgz"
  "version" "1.0.0"

"avvio@^8.2.0":
  "integrity" "sha512-bbCQdg7bpEv6kGH41RO/3B2/GMMmJSo2iBK+X8AWN9mujtfUipMDfIjsgHCfpnKqoGEQrrmCDKSa5OQ19+fDmg=="
  "resolved" "https://registry.npmjs.org/avvio/-/avvio-8.2.0.tgz"
  "version" "8.2.0"
  dependencies:
    "archy" "^1.0.0"
    "debug" "^4.0.0"
    "fastq" "^1.6.1"

"base64-js@^1.3.1":
  "integrity" "sha512-AKpaYlHn8t4SVbOHCy+b5+KKgvR4vrsD8vbvrbiQJps7fKDTkjkDry6ji0rUJjC0kzbNePLwzxq8iypo41qeWA=="
  "resolved" "https://registry.npmjs.org/base64-js/-/base64-js-1.5.1.tgz"
  "version" "1.5.1"

"base64id@~2.0.0", "base64id@2.0.0":
  "integrity" "sha512-lGe34o6EHj9y3Kts9R4ZYs/Gr+6N7MCaMlIFA3F1R2O5/m7K06AxfSeO5530PEERE6/WyEg3lsuyw4GHlPZHog=="
  "resolved" "https://registry.npmjs.org/base64id/-/base64id-2.0.0.tgz"
  "version" "2.0.0"

"body-parser@1.20.1":
  "integrity" "sha512-jWi7abTbYwajOytWCQc37VulmWiRae5RyTpaCyDcS5/lMdtwSz5lOpDE67srw/HYe35f1z3fDQw+3txg7gNtWw=="
  "resolved" "https://registry.npmjs.org/body-parser/-/body-parser-1.20.1.tgz"
  "version" "1.20.1"
  dependencies:
    "bytes" "3.1.2"
    "content-type" "~1.0.4"
    "debug" "2.6.9"
    "depd" "2.0.0"
    "destroy" "1.2.0"
    "http-errors" "2.0.0"
    "iconv-lite" "0.4.24"
    "on-finished" "2.4.1"
    "qs" "6.11.0"
    "raw-body" "2.5.1"
    "type-is" "~1.6.18"
    "unpipe" "1.0.0"

"buffer@^6.0.3":
  "integrity" "sha512-FTiCpNxtwiZZHEZbcbTIcZjERVICn9yq/pDFkTl95/AxzD1naBctN7YO68riM/gLSDY7sdrMby8hofADYuuqOA=="
  "resolved" "https://registry.npmjs.org/buffer/-/buffer-6.0.3.tgz"
  "version" "6.0.3"
  dependencies:
    "base64-js" "^1.3.1"
    "ieee754" "^1.2.1"

"bytes@3.1.2":
  "integrity" "sha512-/Nf7TyzTx6S3yRJObOAV7956r8cr2+Oj8AC5dt8wSP3BQAoeX58NoHyCU8P8zGkNXStjTSi6fzO6F0pBdcYbEg=="
  "resolved" "https://registry.npmjs.org/bytes/-/bytes-3.1.2.tgz"
  "version" "3.1.2"

"call-bind@^1.0.0":
  "integrity" "sha512-7O+FbCihrB5WGbFYesctwmTKae6rOiIzmz1icreWJ+0aA7LJfuqhEso2T9ncpcFtzMQtzXf2QGGueWJGTYsqrA=="
  "resolved" "https://registry.npmjs.org/call-bind/-/call-bind-1.0.2.tgz"
  "version" "1.0.2"
  dependencies:
    "function-bind" "^1.1.1"
    "get-intrinsic" "^1.0.2"

"content-disposition@0.5.4":
  "integrity" "sha512-FveZTNuGw04cxlAiWbzi6zTAL/lhehaWbTtgluJh4/E95DqMwTmha3KZN1aAWA8cFIhHzMZUvLevkw5Rqk+tSQ=="
  "resolved" "https://registry.npmjs.org/content-disposition/-/content-disposition-0.5.4.tgz"
  "version" "0.5.4"
  dependencies:
    "safe-buffer" "5.2.1"

"content-type@~1.0.4":
  "integrity" "sha512-hIP3EEPs8tB9AT1L+NUqtwOAps4mk2Zob89MWXMHjHWg9milF/j4osnnQLXBCBFBk/tvIG/tUc9mOUJiPBhPXA=="
  "resolved" "https://registry.npmjs.org/content-type/-/content-type-1.0.4.tgz"
  "version" "1.0.4"

"cookie-signature@1.0.6":
  "integrity" "sha512-QADzlaHc8icV8I7vbaJXJwod9HWYp8uCqf1xa4OfNu1T7JVxQIrUgOWtHdNDtPiywmFbiS12VjotIXLrKM3orQ=="
  "resolved" "https://registry.npmjs.org/cookie-signature/-/cookie-signature-1.0.6.tgz"
  "version" "1.0.6"

"cookie@^0.5.0", "cookie@0.5.0":
  "integrity" "sha512-YZ3GUyn/o8gfKJlnlX7g7xq4gyO6OSuhGPKaaGssGB2qgDUS0gPgtTvoyZLTt9Ab6dC4hfc9dV5arkvc/OCmrw=="
  "resolved" "https://registry.npmjs.org/cookie/-/cookie-0.5.0.tgz"
  "version" "0.5.0"

"cookie@~0.4.1":
  "integrity" "sha512-aSWTXFzaKWkvHO1Ny/s+ePFpvKsPnjc551iI41v3ny/ow6tBG5Vd+FuqGNhh1LxOmVzOlGUriIlOaokOvhaStA=="
  "resolved" "https://registry.npmjs.org/cookie/-/cookie-0.4.2.tgz"
  "version" "0.4.2"

"cors@~2.8.5":
  "integrity" "sha512-KIHbLJqu73RGr/hnbrO9uBeixNGuvSQjul/jdFvS/KFSIH1hWVd1ng7zOHx+YrEfInLG7q4n6GHQ9cDtxv/P6g=="
  "resolved" "https://registry.npmjs.org/cors/-/cors-2.8.5.tgz"
  "version" "2.8.5"
  dependencies:
    "object-assign" "^4"
    "vary" "^1"

"debug@^4.0.0":
  "integrity" "sha512-PRWFHuSU3eDtQJPvnNY7Jcket1j0t5OuOsFzPPzsekD52Zl8qUfFIPEiswXqIvHWGVHOgX+7G/vCNNhehwxfkQ=="
  "resolved" "https://registry.npmjs.org/debug/-/debug-4.3.4.tgz"
  "version" "4.3.4"
  dependencies:
    "ms" "2.1.2"

"debug@~4.3.1":
  "integrity" "sha512-PRWFHuSU3eDtQJPvnNY7Jcket1j0t5OuOsFzPPzsekD52Zl8qUfFIPEiswXqIvHWGVHOgX+7G/vCNNhehwxfkQ=="
  "resolved" "https://registry.npmjs.org/debug/-/debug-4.3.4.tgz"
  "version" "4.3.4"
  dependencies:
    "ms" "2.1.2"

"debug@~4.3.2":
  "integrity" "sha512-PRWFHuSU3eDtQJPvnNY7Jcket1j0t5OuOsFzPPzsekD52Zl8qUfFIPEiswXqIvHWGVHOgX+7G/vCNNhehwxfkQ=="
  "resolved" "https://registry.npmjs.org/debug/-/debug-4.3.4.tgz"
  "version" "4.3.4"
  dependencies:
    "ms" "2.1.2"

"debug@2.6.9":
  "integrity" "sha512-bC7ElrdJaJnPbAP+1EotYvqZsb3ecl5wi6Bfi6BJTUcNowp6cvspg0jXznRTKDjm/E7AdgFBVeAPVMNcKGsHMA=="
  "resolved" "https://registry.npmjs.org/debug/-/debug-2.6.9.tgz"
  "version" "2.6.9"
  dependencies:
    "ms" "2.0.0"

"depd@2.0.0":
  "integrity" "sha512-g7nH6P6dyDioJogAAGprGpCtVImJhpPk/roCzdb3fIh61/s/nPsfR6onyMwkCAR/OlC3yBC0lESvUoQEAssIrw=="
  "resolved" "https://registry.npmjs.org/depd/-/depd-2.0.0.tgz"
  "version" "2.0.0"

"destroy@1.2.0":
  "integrity" "sha512-2sJGJTaXIIaR1w4iJSNoN0hnMY7Gpc/n8D4qSCJw8QqFWXf7cuAgnEHxBpweaVcPevC2l3KpjYCx3NypQQgaJg=="
  "resolved" "https://registry.npmjs.org/destroy/-/destroy-1.2.0.tgz"
  "version" "1.2.0"

"ee-first@1.1.1":
  "integrity" "sha512-WMwm9LhRUo+WUaRN+vRuETqG89IgZphVSNkdFgeb6sS/E4OrDIN7t48CAewSHXc6C8lefD8KKfr5vY61brQlow=="
  "resolved" "https://registry.npmjs.org/ee-first/-/ee-first-1.1.1.tgz"
  "version" "1.1.1"

"encodeurl@~1.0.2":
  "integrity" "sha512-TPJXq8JqFaVYm2CWmPvnP2Iyo4ZSM7/QKcSmuMLDObfpH5fi7RUGmd/rTDf+rut/saiDiQEeVTNgAmJEdAOx0w=="
  "resolved" "https://registry.npmjs.org/encodeurl/-/encodeurl-1.0.2.tgz"
  "version" "1.0.2"

"engine.io-parser@~5.0.3":
  "integrity" "sha512-+nVFp+5z1E3HcToEnO7ZIj3g+3k9389DvWtvJZz0T6/eOCPIyyxehFcedoYrZQrp0LgQbD9pPXhpMBKMd5QURg=="
  "resolved" "https://registry.npmjs.org/engine.io-parser/-/engine.io-parser-5.0.4.tgz"
  "version" "5.0.4"

"engine.io@~6.2.0":
  "integrity" "sha512-4KzwW3F3bk+KlzSOY57fj/Jx6LyRQ1nbcyIadehl+AnXjKT7gDO0ORdRi/84ixvMKTym6ZKuxvbzN62HDDU1Lg=="
  "resolved" "https://registry.npmjs.org/engine.io/-/engine.io-6.2.0.tgz"
  "version" "6.2.0"
  dependencies:
    "@types/cookie" "^0.4.1"
    "@types/cors" "^2.8.12"
    "@types/node" ">=10.0.0"
    "accepts" "~1.3.4"
    "base64id" "2.0.0"
    "cookie" "~0.4.1"
    "cors" "~2.8.5"
    "debug" "~4.3.1"
    "engine.io-parser" "~5.0.3"
    "ws" "~8.2.3"

"escape-html@~1.0.3":
  "integrity" "sha512-NiSupZ4OeuGwr68lGIeym/ksIZMJodUGOSCZ/FSnTxcrekbvqrgdUxlJOMpijaKZVjAJrWrGs/6Jy8OMuyj9ow=="
  "resolved" "https://registry.npmjs.org/escape-html/-/escape-html-1.0.3.tgz"
  "version" "1.0.3"

"etag@~1.8.1":
  "integrity" "sha512-aIL5Fx7mawVa300al2BnEE4iNvo1qETxLrPI/o05L7z6go7fCw1J6EQmbK4FmJ2AS7kgVF/KEZWufBfdClMcPg=="
  "resolved" "https://registry.npmjs.org/etag/-/etag-1.8.1.tgz"
  "version" "1.8.1"

"event-target-shim@^5.0.0":
  "integrity" "sha512-i/2XbnSz/uxRCU6+NdVJgKWDTM427+MqYbkQzD321DuCQJUqOuJKIA0IM2+W2xtYHdKOmZ4dR6fExsd4SXL+WQ=="
  "resolved" "https://registry.npmjs.org/event-target-shim/-/event-target-shim-5.0.1.tgz"
  "version" "5.0.1"

"events@^3.3.0":
  "integrity" "sha512-mQw+2fkQbALzQ7V0MY0IqdnXNOeTtP4r0lN9z7AAawCXgqea7bDii20AYrIBrFd/Hx0M2Ocz6S111CaFkUcb0Q=="
  "resolved" "https://registry.npmjs.org/events/-/events-3.3.0.tgz"
  "version" "3.3.0"

"express@^4.18.2":
  "integrity" "sha512-5/PsL6iGPdfQ/lKM1UuielYgv3BUoJfz1aUwU9vHZ+J7gyvwdQXFEBIEIaxeGf0GIcreATNyBExtalisDbuMqQ=="
  "resolved" "https://registry.npmjs.org/express/-/express-4.18.2.tgz"
  "version" "4.18.2"
  dependencies:
    "accepts" "~1.3.8"
    "array-flatten" "1.1.1"
    "body-parser" "1.20.1"
    "content-disposition" "0.5.4"
    "content-type" "~1.0.4"
    "cookie" "0.5.0"
    "cookie-signature" "1.0.6"
    "debug" "2.6.9"
    "depd" "2.0.0"
    "encodeurl" "~1.0.2"
    "escape-html" "~1.0.3"
    "etag" "~1.8.1"
    "finalhandler" "1.2.0"
    "fresh" "0.5.2"
    "http-errors" "2.0.0"
    "merge-descriptors" "1.0.1"
    "methods" "~1.1.2"
    "on-finished" "2.4.1"
    "parseurl" "~1.3.3"
    "path-to-regexp" "0.1.7"
    "proxy-addr" "~2.0.7"
    "qs" "6.11.0"
    "range-parser" "~1.2.1"
    "safe-buffer" "5.2.1"
    "send" "0.18.0"
    "serve-static" "1.15.0"
    "setprototypeof" "1.2.0"
    "statuses" "2.0.1"
    "type-is" "~1.6.18"
    "utils-merge" "1.0.1"
    "vary" "~1.1.2"

"fast-decode-uri-component@^1.0.1":
  "integrity" "sha512-WKgKWg5eUxvRZGwW8FvfbaH7AXSh2cL+3j5fMGzUMCxWBJ3dV3a7Wz8y2f/uQ0e3B6WmodD3oS54jTQ9HVTIIg=="
  "resolved" "https://registry.npmjs.org/fast-decode-uri-component/-/fast-decode-uri-component-1.0.1.tgz"
  "version" "1.0.1"

"fast-deep-equal@^3.1.1", "fast-deep-equal@^3.1.3":
  "integrity" "sha512-f3qQ9oQy9j2AhBe/H9VC91wLmKBCCU/gDOnKNAYG5hswO7BLKj09Hc5HYNz9cGI++xlpDCIgDaitVs03ATR84Q=="
  "resolved" "https://registry.npmjs.org/fast-deep-equal/-/fast-deep-equal-3.1.3.tgz"
  "version" "3.1.3"

"fast-json-stringify@^5.0.0":
  "integrity" "sha512-PIzon53oX/zEGLrGbu4DpfNcYiV4K4rk+JsVrawRPO/G8cNBEMZ3KlIk2BCGqN+m1KCCA4zt5E7Hh3GG9ojRVA=="
  "resolved" "https://registry.npmjs.org/fast-json-stringify/-/fast-json-stringify-5.4.0.tgz"
  "version" "5.4.0"
  dependencies:
    "@fastify/deepmerge" "^1.0.0"
    "ajv" "^8.10.0"
    "ajv-formats" "^2.1.1"
    "fast-deep-equal" "^3.1.3"
    "fast-uri" "^2.1.0"
    "rfdc" "^1.2.0"

"fast-querystring@^1.0.0":
  "integrity" "sha512-3LQi62IhQoDlmt4ULCYmh17vRO2EtS7hTSsG4WwoKWgV7GLMKBOecEh+aiavASnLx8I2y89OD33AGLo0ccRhzA=="
  "resolved" "https://registry.npmjs.org/fast-querystring/-/fast-querystring-1.0.0.tgz"
  "version" "1.0.0"
  dependencies:
    "fast-decode-uri-component" "^1.0.1"

"fast-redact@^3.1.1":
  "integrity" "sha512-+0em+Iya9fKGfEQGcd62Yv6onjBmmhV1uh86XVfOU8VwAe6kaFdQCWI9s0/Nnugx5Vd9tdbZ7e6gE2tR9dzXdw=="
  "resolved" "https://registry.npmjs.org/fast-redact/-/fast-redact-3.1.2.tgz"
  "version" "3.1.2"

"fast-uri@^2.0.0", "fast-uri@^2.1.0":
  "integrity" "sha512-qKRta6N7BWEFVlyonVY/V+BMLgFqktCUV0QjT259ekAIlbVrMaFnFLxJ4s/JPl4tou56S1BzPufI60bLe29fHA=="
  "resolved" "https://registry.npmjs.org/fast-uri/-/fast-uri-2.1.0.tgz"
  "version" "2.1.0"

"fastify@^4.9.2":
  "integrity" "sha512-Mk3hv7ZRet2huMYN6IJ8RGy1TAAC7LJsCEjxLf808zafAADNu43xRzbl7FSEIBxKyhntTM0F626Oc34LUNcUxQ=="
  "resolved" "https://registry.npmjs.org/fastify/-/fastify-4.9.2.tgz"
  "version" "4.9.2"
  dependencies:
    "@fastify/ajv-compiler" "^3.3.1"
    "@fastify/error" "^3.0.0"
    "@fastify/fast-json-stringify-compiler" "^4.1.0"
    "abstract-logging" "^2.0.1"
    "avvio" "^8.2.0"
    "find-my-way" "^7.3.0"
    "light-my-request" "^5.6.1"
    "pino" "^8.5.0"
    "process-warning" "^2.0.0"
    "proxy-addr" "^2.0.7"
    "rfdc" "^1.3.0"
    "secure-json-parse" "^2.5.0"
    "semver" "^7.3.7"
    "tiny-lru" "^9.0.2"

"fastq@^1.6.1":
  "integrity" "sha512-YpkpUnK8od0o1hmeSc7UUs/eB/vIPWJYjKck2QKIzAf71Vm1AAQ3EbuZB3g2JIy+pg+ERD0vqI79KyZiB2e2Nw=="
  "resolved" "https://registry.npmjs.org/fastq/-/fastq-1.13.0.tgz"
  "version" "1.13.0"
  dependencies:
    "reusify" "^1.0.4"

"finalhandler@1.2.0":
  "integrity" "sha512-5uXcUVftlQMFnWC9qu/svkWv3GTd2PfUhK/3PLkYNAe7FbqJMt3515HaxE6eRL74GdsriiwujiawdaB1BpEISg=="
  "resolved" "https://registry.npmjs.org/finalhandler/-/finalhandler-1.2.0.tgz"
  "version" "1.2.0"
  dependencies:
    "debug" "2.6.9"
    "encodeurl" "~1.0.2"
    "escape-html" "~1.0.3"
    "on-finished" "2.4.1"
    "parseurl" "~1.3.3"
    "statuses" "2.0.1"
    "unpipe" "~1.0.0"

"find-my-way@^7.3.0":
  "integrity" "sha512-kGvM08SOkqvheLcuQ8GW9t/H901Qb9rZEbcNWbXopzy4jDRoaJpJoObPSKf4MnQLZ20ZTp7rL5MpF6rf+pqmyg=="
  "resolved" "https://registry.npmjs.org/find-my-way/-/find-my-way-7.3.1.tgz"
  "version" "7.3.1"
  dependencies:
    "fast-deep-equal" "^3.1.3"
    "fast-querystring" "^1.0.0"
    "safe-regex2" "^2.0.0"

"forwarded@0.2.0":
  "integrity" "sha512-buRG0fpBtRHSTCOASe6hD258tEubFoRLb4ZNA6NxMVHNw2gOcwHo9wyablzMzOA5z9xA9L1KNjk/Nt6MT9aYow=="
  "resolved" "https://registry.npmjs.org/forwarded/-/forwarded-0.2.0.tgz"
  "version" "0.2.0"

"fresh@0.5.2":
  "integrity" "sha512-zJ2mQYM18rEFOudeV4GShTGIQ7RbzA7ozbU9I/XBpm7kqgMywgmylMwXHxZJmkVoYkna9d2pVXVXPdYTP9ej8Q=="
  "resolved" "https://registry.npmjs.org/fresh/-/fresh-0.5.2.tgz"
  "version" "0.5.2"

"function-bind@^1.1.1":
  "integrity" "sha512-yIovAzMX49sF8Yl58fSCWJ5svSLuaibPxXQJFLmBObTuCr0Mf1KiPopGM9NiFjiYBCbfaa2Fh6breQ6ANVTI0A=="
  "resolved" "https://registry.npmjs.org/function-bind/-/function-bind-1.1.1.tgz"
  "version" "1.1.1"

"get-intrinsic@^1.0.2":
  "integrity" "sha512-QJVz1Tj7MS099PevUG5jvnt9tSkXN8K14dxQlikJuPt4uD9hHAHjLyLBiLR5zELelBdD9QNRAXZzsJx0WaDL9A=="
  "resolved" "https://registry.npmjs.org/get-intrinsic/-/get-intrinsic-1.1.3.tgz"
  "version" "1.1.3"
  dependencies:
    "function-bind" "^1.1.1"
    "has" "^1.0.3"
    "has-symbols" "^1.0.3"

"has-symbols@^1.0.3":
  "integrity" "sha512-l3LCuF6MgDNwTDKkdYGEihYjt5pRPbEg46rtlmnSPlUbgmB8LOIrKJbYYFBSbnPaJexMKtiPO8hmeRjRz2Td+A=="
  "resolved" "https://registry.npmjs.org/has-symbols/-/has-symbols-1.0.3.tgz"
  "version" "1.0.3"

"has@^1.0.3":
  "integrity" "sha512-f2dvO0VU6Oej7RkWJGrehjbzMAjFp5/VKPp5tTpWIV4JHHZK1/BxbFRtf/siA2SWTe09caDmVtYYzWEIbBS4zw=="
  "resolved" "https://registry.npmjs.org/has/-/has-1.0.3.tgz"
  "version" "1.0.3"
  dependencies:
    "function-bind" "^1.1.1"

"http-errors@2.0.0":
  "integrity" "sha512-FtwrG/euBzaEjYeRqOgly7G0qviiXoJWnvEH2Z1plBdXgbyjv34pHTSb9zoeHMyDy33+DWy5Wt9Wo+TURtOYSQ=="
  "resolved" "https://registry.npmjs.org/http-errors/-/http-errors-2.0.0.tgz"
  "version" "2.0.0"
  dependencies:
    "depd" "2.0.0"
    "inherits" "2.0.4"
    "setprototypeof" "1.2.0"
    "statuses" "2.0.1"
    "toidentifier" "1.0.1"

"iconv-lite@0.4.24":
  "integrity" "sha512-v3MXnZAcvnywkTUEZomIActle7RXXeedOR31wwl7VlyoXO4Qi9arvSenNQWne1TcRwhCL1HwLI21bEqdpj8/rA=="
  "resolved" "https://registry.npmjs.org/iconv-lite/-/iconv-lite-0.4.24.tgz"
  "version" "0.4.24"
  dependencies:
    "safer-buffer" ">= 2.1.2 < 3"

"ieee754@^1.2.1":
  "integrity" "sha512-dcyqhDvX1C46lXZcVqCpK+FtMRQVdIMN6/Df5js2zouUsqG7I6sFxitIC+7KYK29KdXOLHdu9zL4sFnoVQnqaA=="
  "resolved" "https://registry.npmjs.org/ieee754/-/ieee754-1.2.1.tgz"
  "version" "1.2.1"

"inherits@2.0.4":
  "integrity" "sha512-k/vGaX4/Yla3WzyMCvTQOXYeIHvqOKtnqBduzTHpzpQZzAskKMhZ2K+EnBiSM9zGSoIFeMpXKxa4dYeZIQqewQ=="
  "resolved" "https://registry.npmjs.org/inherits/-/inherits-2.0.4.tgz"
  "version" "2.0.4"

"ipaddr.js@1.9.1":
  "integrity" "sha512-0KI/607xoxSToH7GjN1FfSbLoU0+btTicjsQSWQlh/hZykN8KpmMf7uYwPW3R+akZ6R/w18ZlXSHBYXiYUPO3g=="
  "resolved" "https://registry.npmjs.org/ipaddr.js/-/ipaddr.js-1.9.1.tgz"
  "version" "1.9.1"

"json-schema-traverse@^1.0.0":
  "integrity" "sha512-NM8/P9n3XjXhIZn1lLhkFaACTOURQXjWhV4BA/RnOv8xvgqtqpAX9IO4mRQxSx1Rlo4tqzeqb0sOlruaOy3dug=="
  "resolved" "https://registry.npmjs.org/json-schema-traverse/-/json-schema-traverse-1.0.0.tgz"
  "version" "1.0.0"

"light-my-request@^5.6.1":
  "integrity" "sha512-sbJnC1UBRivi9L1kICr3CESb82pNiPNB3TvtdIrZZqW0Qh8uDXvoywMmWKZlihDcmw952CMICCzM+54LDf+E+g=="
  "resolved" "https://registry.npmjs.org/light-my-request/-/light-my-request-5.6.1.tgz"
  "version" "5.6.1"
  dependencies:
    "cookie" "^0.5.0"
    "process-warning" "^2.0.0"
    "set-cookie-parser" "^2.4.1"

"lodash-es@^4.17.21":
  "integrity" "sha512-mKnC+QJ9pWVzv+C4/U3rRsHapFfHvQFoFB92e52xeyGMcX6/OlIl78je1u8vePzYZSkkogMPJ2yjxxsb89cxyw=="
  "resolved" "https://registry.npmjs.org/lodash-es/-/lodash-es-4.17.21.tgz"
  "version" "4.17.21"

"lodash@^4.17.21":
  "integrity" "sha512-v2kDEe57lecTulaDIuNTPy3Ry4gLGJ6Z1O3vE1krgXZNrsQ+LFTGHVxVjcXPs17LhbZVGedAJv8XZ1tvj5FvSg=="
  "resolved" "https://registry.npmjs.org/lodash/-/lodash-4.17.21.tgz"
  "version" "4.17.21"

"lru-cache@^6.0.0":
  "integrity" "sha512-Jo6dJ04CmSjuznwJSS3pUeWmd/H0ffTlkXXgwZi+eq1UCmqQwCh+eLsYOYCwY991i2Fah4h1BEMCx4qThGbsiA=="
  "resolved" "https://registry.npmjs.org/lru-cache/-/lru-cache-6.0.0.tgz"
  "version" "6.0.0"
  dependencies:
    "yallist" "^4.0.0"

"media-typer@0.3.0":
  "integrity" "sha512-dq+qelQ9akHpcOl/gUVRTxVIOkAJ1wR3QAvb4RsVjS8oVoFjDGTc679wJYmUmknUF5HwMLOgb5O+a3KxfWapPQ=="
  "resolved" "https://registry.npmjs.org/media-typer/-/media-typer-0.3.0.tgz"
  "version" "0.3.0"

"merge-descriptors@1.0.1":
  "integrity" "sha512-cCi6g3/Zr1iqQi6ySbseM1Xvooa98N0w31jzUYrXPX2xqObmFGHJ0tQ5u74H3mVh7wLouTseZyYIq39g8cNp1w=="
  "resolved" "https://registry.npmjs.org/merge-descriptors/-/merge-descriptors-1.0.1.tgz"
  "version" "1.0.1"

"methods@~1.1.2":
  "integrity" "sha512-iclAHeNqNm68zFtnZ0e+1L2yUIdvzNoauKU4WBA3VvH/vPFieF7qfRlwUZU+DA9P9bPXIS90ulxoUoCH23sV2w=="
  "resolved" "https://registry.npmjs.org/methods/-/methods-1.1.2.tgz"
  "version" "1.1.2"

"mime-db@1.52.0":
  "integrity" "sha512-sPU4uV7dYlvtWJxwwxHD0PuihVNiE7TyAbQ5SWxDCB9mUYvOgroQOwYQQOKPJ8CIbE+1ETVlOoK1UC2nU3gYvg=="
  "resolved" "https://registry.npmjs.org/mime-db/-/mime-db-1.52.0.tgz"
  "version" "1.52.0"

"mime-types@~2.1.24", "mime-types@~2.1.34":
  "integrity" "sha512-ZDY+bPm5zTTF+YpCrAU9nK0UgICYPT0QtT1NZWFv4s++TNkcgVaT0g6+4R2uI4MjQjzysHB1zxuWL50hzaeXiw=="
  "resolved" "https://registry.npmjs.org/mime-types/-/mime-types-2.1.35.tgz"
  "version" "2.1.35"
  dependencies:
    "mime-db" "1.52.0"

"mime@1.6.0":
  "integrity" "sha512-x0Vn8spI+wuJ1O6S7gnbaQg8Pxh4NNHb7KSINmEWKiPE4RKOplvijn+NkmYmmRgP68mc70j2EbeTFRsrswaQeg=="
  "resolved" "https://registry.npmjs.org/mime/-/mime-1.6.0.tgz"
  "version" "1.6.0"

"ms@2.0.0":
  "integrity" "sha512-Tpp60P6IUJDTuOq/5Z8cdskzJujfwqfOTkrwIwj7IRISpnkJnT6SyJ4PCPnGMoFjC9ddhal5KVIYtAt97ix05A=="
  "resolved" "https://registry.npmjs.org/ms/-/ms-2.0.0.tgz"
  "version" "2.0.0"

"ms@2.1.2":
  "integrity" "sha512-sGkPx+VjMtmA6MX27oA4FBFELFCZZ4S4XqeGOXCv68tT+jb3vk/RyaKWP0PTKyWtmLSM0b+adUTEvbs1PEaH2w=="
  "resolved" "https://registry.npmjs.org/ms/-/ms-2.1.2.tgz"
  "version" "2.1.2"

"ms@2.1.3":
  "integrity" "sha512-6FlzubTLZG3J2a/NVCAleEhjzq5oxgHyaCU9yYXvcLsvoVaHJq/s5xXI6/XXP6tz7R9xAOtHnSO/tXtF3WRTlA=="
  "resolved" "https://registry.npmjs.org/ms/-/ms-2.1.3.tgz"
  "version" "2.1.3"

"nanoclone@^0.2.1":
  "integrity" "sha512-wynEP02LmIbLpcYw8uBKpcfF6dmg2vcpKqxeH5UcoKEYdExslsdUA4ugFauuaeYdTB76ez6gJW8XAZ6CgkXYxA=="
  "resolved" "https://registry.npmjs.org/nanoclone/-/nanoclone-0.2.1.tgz"
  "version" "0.2.1"

"negotiator@0.6.3":
  "integrity" "sha512-+EUsqGPLsM+j/zdChZjsnX51g4XrHFOIXwfnCVPGlQk/k5giakcKsuxCObBRu6DSm9opw/O6slWbJdghQM4bBg=="
  "resolved" "https://registry.npmjs.org/negotiator/-/negotiator-0.6.3.tgz"
  "version" "0.6.3"

"object-assign@^4":
  "integrity" "sha512-rJgTQnkUnH1sFw8yT6VSU3zD3sWmu6sZhIseY8VX+GRu3P6F7Fu+JNDoXfklElbLJSnc3FUQHVe4cU5hj+BcUg=="
  "resolved" "https://registry.npmjs.org/object-assign/-/object-assign-4.1.1.tgz"
  "version" "4.1.1"

"object-inspect@^1.9.0":
  "integrity" "sha512-z+cPxW0QGUp0mcqcsgQyLVRDoXFQbXOwBaqyF7VIgI4TWNQsDHrBpUQslRmIfAoYWdYzs6UlKJtB2XJpTaNSpQ=="
  "resolved" "https://registry.npmjs.org/object-inspect/-/object-inspect-1.12.2.tgz"
  "version" "1.12.2"

"on-exit-leak-free@^2.1.0":
  "integrity" "sha512-VuCaZZAjReZ3vUwgOB8LxAosIurDiAW0s13rI1YwmaP++jvcxP77AWoQvenZebpCA2m8WC1/EosPYPMjnRAp/w=="
  "resolved" "https://registry.npmjs.org/on-exit-leak-free/-/on-exit-leak-free-2.1.0.tgz"
  "version" "2.1.0"

"on-finished@2.4.1":
  "integrity" "sha512-oVlzkg3ENAhCk2zdv7IJwd/QUD4z2RxRwpkcGY8psCVcCYZNq4wYnVWALHM+brtuJjePWiYF/ClmuDr8Ch5+kg=="
  "resolved" "https://registry.npmjs.org/on-finished/-/on-finished-2.4.1.tgz"
  "version" "2.4.1"
  dependencies:
    "ee-first" "1.1.1"

"parseurl@~1.3.3":
  "integrity" "sha512-CiyeOxFT/JZyN5m0z9PfXw4SCBJ6Sygz1Dpl0wqjlhDEGGBP1GnsUVEL0p63hoG1fcj3fHynXi9NYO4nWOL+qQ=="
  "resolved" "https://registry.npmjs.org/parseurl/-/parseurl-1.3.3.tgz"
  "version" "1.3.3"

"path-to-regexp@0.1.7":
  "integrity" "sha512-5DFkuoqlv1uYQKxy8omFBeJPQcdoE07Kv2sferDCrAq1ohOU+MSDswDIbnx3YAM60qIOnYa53wBhXW0EbMonrQ=="
  "resolved" "https://registry.npmjs.org/path-to-regexp/-/path-to-regexp-0.1.7.tgz"
  "version" "0.1.7"

"pino-abstract-transport@v1.0.0":
  "integrity" "sha512-c7vo5OpW4wIS42hUVcT5REsL8ZljsUfBjqV/e2sFxmFEFZiq1XLUp5EYLtuDH6PEHq9W1egWqRbnLUP5FuZmOA=="
  "resolved" "https://registry.npmjs.org/pino-abstract-transport/-/pino-abstract-transport-1.0.0.tgz"
  "version" "1.0.0"
  dependencies:
    "readable-stream" "^4.0.0"
    "split2" "^4.0.0"

"pino-std-serializers@^6.0.0":
  "integrity" "sha512-mMMOwSKrmyl+Y12Ri2xhH1lbzQxwwpuru9VjyJpgFIH4asSj88F2csdMwN6+M5g1Ll4rmsYghHLQJw81tgZ7LQ=="
  "resolved" "https://registry.npmjs.org/pino-std-serializers/-/pino-std-serializers-6.0.0.tgz"
  "version" "6.0.0"

"pino@^8.5.0":
  "integrity" "sha512-l9sA5uPxmZzwydhMWUcm1gI0YxNnYl8MfSr2h8cwLvOAzQLBLewzF247h/vqHe3/tt6fgtXeG9wdjjoetdI/vA=="
  "resolved" "https://registry.npmjs.org/pino/-/pino-8.7.0.tgz"
  "version" "8.7.0"
  dependencies:
    "atomic-sleep" "^1.0.0"
    "fast-redact" "^3.1.1"
    "on-exit-leak-free" "^2.1.0"
    "pino-abstract-transport" "v1.0.0"
    "pino-std-serializers" "^6.0.0"
    "process-warning" "^2.0.0"
    "quick-format-unescaped" "^4.0.3"
    "real-require" "^0.2.0"
    "safe-stable-stringify" "^2.3.1"
    "sonic-boom" "^3.1.0"
    "thread-stream" "^2.0.0"

"prettier@^2.7.1":
  "integrity" "sha512-ujppO+MkdPqoVINuDFDRLClm7D78qbDt0/NR+wp5FqEZOoTNAjPHWj17QRhu7geIHJfcNhRk1XVQmF8Bp3ye+g=="
  "resolved" "https://registry.npmjs.org/prettier/-/prettier-2.7.1.tgz"
  "version" "2.7.1"

"process-warning@^2.0.0":
  "integrity" "sha512-+MmoAXoUX+VTHAlwns0h+kFUWFs/3FZy+ZuchkgjyOu3oioLAo2LB5aCfKPh2+P9O18i3m43tUEv3YqttSy0Ww=="
  "resolved" "https://registry.npmjs.org/process-warning/-/process-warning-2.0.0.tgz"
  "version" "2.0.0"

"process@^0.11.10":
  "integrity" "sha512-cdGef/drWFoydD1JsMzuFf8100nZl+GT+yacc2bEced5f9Rjk4z+WtFUTBu9PhOi9j/jfmBPu0mMEY4wIdAF8A=="
  "resolved" "https://registry.npmjs.org/process/-/process-0.11.10.tgz"
  "version" "0.11.10"

"property-expr@^2.0.4":
  "integrity" "sha512-IJUkICM5dP5znhCckHSv30Q4b5/JA5enCtkRHYaOVOAocnH/1BQEYTC5NMfT3AVl/iXKdr3aqQbQn9DxyWknwA=="
  "resolved" "https://registry.npmjs.org/property-expr/-/property-expr-2.0.5.tgz"
  "version" "2.0.5"

"proxy-addr@^2.0.7", "proxy-addr@~2.0.7":
  "integrity" "sha512-llQsMLSUDUPT44jdrU/O37qlnifitDP+ZwrmmZcoSKyLKvtZxpyV0n2/bD/N4tBAAZ/gJEdZU7KMraoK1+XYAg=="
  "resolved" "https://registry.npmjs.org/proxy-addr/-/proxy-addr-2.0.7.tgz"
  "version" "2.0.7"
  dependencies:
    "forwarded" "0.2.0"
    "ipaddr.js" "1.9.1"

"punycode@^2.1.0":
  "integrity" "sha512-XRsRjdf+j5ml+y/6GKHPZbrF/8p2Yga0JPtdqTIY2Xe5ohJPD9saDJJLPvp9+NSBprVvevdXZybnj2cv8OEd0A=="
  "resolved" "https://registry.npmjs.org/punycode/-/punycode-2.1.1.tgz"
  "version" "2.1.1"

"qs@6.11.0":
  "integrity" "sha512-MvjoMCJwEarSbUYk5O+nmoSzSutSsTwF85zcHPQ9OrlFoZOYIjaqBAJIqIXjptyD5vThxGq52Xu/MaJzRkIk4Q=="
  "resolved" "https://registry.npmjs.org/qs/-/qs-6.11.0.tgz"
  "version" "6.11.0"
  dependencies:
    "side-channel" "^1.0.4"

"quick-format-unescaped@^4.0.3":
  "integrity" "sha512-tYC1Q1hgyRuHgloV/YXs2w15unPVh8qfu/qCTfhTYamaw7fyhumKa2yGpdSo87vY32rIclj+4fWYQXUMs9EHvg=="
  "resolved" "https://registry.npmjs.org/quick-format-unescaped/-/quick-format-unescaped-4.0.4.tgz"
  "version" "4.0.4"

"ramda@^0.28.0":
  "integrity" "sha512-9QnLuG/kPVgWvMQ4aODhsBUFKOUmnbUnsSXACv+NCQZcHbeb+v8Lodp8OVxtRULN1/xOyYLLaL6npE6dMq5QTA=="
  "resolved" "https://registry.npmjs.org/ramda/-/ramda-0.28.0.tgz"
  "version" "0.28.0"

"range-parser@~1.2.1":
  "integrity" "sha512-Hrgsx+orqoygnmhFbKaHE6c296J+HTAQXoxEF6gNupROmmGJRoyzfG3ccAveqCBrwr/2yxQ5BVd/GTl5agOwSg=="
  "resolved" "https://registry.npmjs.org/range-parser/-/range-parser-1.2.1.tgz"
  "version" "1.2.1"

"raw-body@2.5.1":
  "integrity" "sha512-qqJBtEyVgS0ZmPGdCFPWJ3FreoqvG4MVQln/kCgF7Olq95IbOp0/BWyMwbdtn4VTvkM8Y7khCQ2Xgk/tcrCXig=="
  "resolved" "https://registry.npmjs.org/raw-body/-/raw-body-2.5.1.tgz"
  "version" "2.5.1"
  dependencies:
    "bytes" "3.1.2"
    "http-errors" "2.0.0"
    "iconv-lite" "0.4.24"
    "unpipe" "1.0.0"

"readable-stream@^4.0.0":
  "integrity" "sha512-gJrBHsaI3lgBoGMW/jHZsQ/o/TIWiu5ENCJG1BB7fuCKzpFM8GaS2UoBVt9NO+oI+3FcrBNbUkl3ilDe09aY4A=="
  "resolved" "https://registry.npmjs.org/readable-stream/-/readable-stream-4.2.0.tgz"
  "version" "4.2.0"
  dependencies:
    "abort-controller" "^3.0.0"
    "buffer" "^6.0.3"
    "events" "^3.3.0"
    "process" "^0.11.10"

"real-require@^0.2.0":
  "integrity" "sha512-57frrGM/OCTLqLOAh0mhVA9VBMHd+9U7Zb2THMGdBUoZVOtGbJzjxsYGDJ3A9AYYCP4hn6y1TVbaOfzWtm5GFg=="
  "resolved" "https://registry.npmjs.org/real-require/-/real-require-0.2.0.tgz"
  "version" "0.2.0"

"regenerator-runtime@^0.13.10":
  "integrity" "sha512-KepLsg4dU12hryUO7bp/axHAKvwGOCV0sGloQtpagJ12ai+ojVDqkeGSiRX1zlq+kjIMZ1t7gpze+26QqtdGqw=="
  "resolved" "https://registry.npmjs.org/regenerator-runtime/-/regenerator-runtime-0.13.10.tgz"
  "version" "0.13.10"

"require-from-string@^2.0.2":
  "integrity" "sha512-Xf0nWe6RseziFMu+Ap9biiUbmplq6S9/p+7w7YXP/JBHhrUDDUhwa+vANyubuqfZWTveU//DYVGsDG7RKL/vEw=="
  "resolved" "https://registry.npmjs.org/require-from-string/-/require-from-string-2.0.2.tgz"
  "version" "2.0.2"

"ret@~0.2.0":
  "integrity" "sha512-M0b3YWQs7R3Z917WRQy1HHA7Ba7D8hvZg6UE5mLykJxQVE2ju0IXbGlaHPPlkY+WN7wFP+wUMXmBFA0aV6vYGQ=="
  "resolved" "https://registry.npmjs.org/ret/-/ret-0.2.2.tgz"
  "version" "0.2.2"

"reusify@^1.0.4":
  "integrity" "sha512-U9nH88a3fc/ekCF1l0/UP1IosiuIjyTh7hBvXVMHYgVcfGvt897Xguj2UOLDeI5BG2m7/uwyaLVT6fbtCwTyzw=="
  "resolved" "https://registry.npmjs.org/reusify/-/reusify-1.0.4.tgz"
  "version" "1.0.4"

"rfdc@^1.2.0", "rfdc@^1.3.0":
  "integrity" "sha512-V2hovdzFbOi77/WajaSMXk2OLm+xNIeQdMMuB7icj7bk6zi2F8GGAxigcnDFpJHbNyNcgyJDiP+8nOrY5cZGrA=="
  "resolved" "https://registry.npmjs.org/rfdc/-/rfdc-1.3.0.tgz"
  "version" "1.3.0"

"rxjs@^7.5.7":
  "integrity" "sha512-z9MzKh/UcOqB3i20H6rtrlaE/CgjLOvheWK/9ILrbhROGTweAi1BaFsTT9FbwZi5Trr1qNRs+MXkhmR06awzQA=="
  "resolved" "https://registry.npmjs.org/rxjs/-/rxjs-7.5.7.tgz"
  "version" "7.5.7"
  dependencies:
    "tslib" "^2.1.0"

"safe-buffer@5.2.1":
  "integrity" "sha512-rp3So07KcdmmKbGvgaNxQSJr7bGVSVk5S9Eq1F+ppbRo70+YeaDxkw5Dd8NPN+GD6bjnYm2VuPuCXmpuYvmCXQ=="
  "resolved" "https://registry.npmjs.org/safe-buffer/-/safe-buffer-5.2.1.tgz"
  "version" "5.2.1"

"safe-regex2@^2.0.0":
  "integrity" "sha512-PaUSFsUaNNuKwkBijoAPHAK6/eM6VirvyPWlZ7BAQy4D+hCvh4B6lIG+nPdhbFfIbP+gTGBcrdsOaUs0F+ZBOQ=="
  "resolved" "https://registry.npmjs.org/safe-regex2/-/safe-regex2-2.0.0.tgz"
  "version" "2.0.0"
  dependencies:
    "ret" "~0.2.0"

"safe-stable-stringify@^2.3.1":
  "integrity" "sha512-dVHE6bMtS/bnL2mwualjc6IxEv1F+OCUpA46pKUj6F8uDbUM0jCCulPqRNPSnWwGNKx5etqMjZYdXtrm5KJZGA=="
  "resolved" "https://registry.npmjs.org/safe-stable-stringify/-/safe-stable-stringify-2.4.1.tgz"
  "version" "2.4.1"

"safer-buffer@>= 2.1.2 < 3":
  "integrity" "sha512-YZo3K82SD7Riyi0E1EQPojLz7kpepnSQI9IyPbHHg1XXXevb5dJI7tpyN2ADxGcQbHG7vcyRHk0cbwqcQriUtg=="
  "resolved" "https://registry.npmjs.org/safer-buffer/-/safer-buffer-2.1.2.tgz"
  "version" "2.1.2"

"secure-json-parse@^2.5.0":
  "integrity" "sha512-ZQruFgZnIWH+WyO9t5rWt4ZEGqCKPwhiw+YbzTwpmT9elgLrLcfuyUiSnwwjUiVy9r4VM3urtbNF1xmEh9IL2w=="
  "resolved" "https://registry.npmjs.org/secure-json-parse/-/secure-json-parse-2.5.0.tgz"
  "version" "2.5.0"

"semver@^7.3.7":
  "integrity" "sha512-NB1ctGL5rlHrPJtFDVIVzTyQylMLu9N9VICA6HSFJo8MCGVTMW6gfpicwKmmK/dAjTOrqu5l63JJOpDSrAis3A=="
  "resolved" "https://registry.npmjs.org/semver/-/semver-7.3.8.tgz"
  "version" "7.3.8"
  dependencies:
    "lru-cache" "^6.0.0"

"send@0.18.0":
  "integrity" "sha512-qqWzuOjSFOuqPjFe4NOsMLafToQQwBSOEpS+FwEt3A2V3vKubTquT3vmLTQpFgMXp8AlFWFuP1qKaJZOtPpVXg=="
  "resolved" "https://registry.npmjs.org/send/-/send-0.18.0.tgz"
  "version" "0.18.0"
  dependencies:
    "debug" "2.6.9"
    "depd" "2.0.0"
    "destroy" "1.2.0"
    "encodeurl" "~1.0.2"
    "escape-html" "~1.0.3"
    "etag" "~1.8.1"
    "fresh" "0.5.2"
    "http-errors" "2.0.0"
    "mime" "1.6.0"
    "ms" "2.1.3"
    "on-finished" "2.4.1"
    "range-parser" "~1.2.1"
    "statuses" "2.0.1"

"serve-static@1.15.0":
  "integrity" "sha512-XGuRDNjXUijsUL0vl6nSD7cwURuzEgglbOaFuZM9g3kwDXOWVTck0jLzjPzGD+TazWbboZYu52/9/XPdUgne9g=="
  "resolved" "https://registry.npmjs.org/serve-static/-/serve-static-1.15.0.tgz"
  "version" "1.15.0"
  dependencies:
    "encodeurl" "~1.0.2"
    "escape-html" "~1.0.3"
    "parseurl" "~1.3.3"
    "send" "0.18.0"

"set-cookie-parser@^2.4.1":
  "integrity" "sha512-1jeBGaKNGdEq4FgIrORu/N570dwoPYio8lSoYLWmX7sQ//0JY08Xh9o5pBcgmHQ/MbsYp/aZnOe1s1lIsbLprQ=="
  "resolved" "https://registry.npmjs.org/set-cookie-parser/-/set-cookie-parser-2.5.1.tgz"
  "version" "2.5.1"

"setprototypeof@1.2.0":
  "integrity" "sha512-E5LDX7Wrp85Kil5bhZv46j8jOeboKq5JMmYM3gVGdGH8xFpPWXUMsNrlODCrkoxMEeNi/XZIwuRvY4XNwYMJpw=="
  "resolved" "https://registry.npmjs.org/setprototypeof/-/setprototypeof-1.2.0.tgz"
  "version" "1.2.0"

"side-channel@^1.0.4":
  "integrity" "sha512-q5XPytqFEIKHkGdiMIrY10mvLRvnQh42/+GoBlFW3b2LXLE2xxJpZFdm94we0BaoV3RwJyGqg5wS7epxTv0Zvw=="
  "resolved" "https://registry.npmjs.org/side-channel/-/side-channel-1.0.4.tgz"
  "version" "1.0.4"
  dependencies:
    "call-bind" "^1.0.0"
    "get-intrinsic" "^1.0.2"
    "object-inspect" "^1.9.0"

"socket.io-adapter@~2.4.0":
  "integrity" "sha512-W4N+o69rkMEGVuk2D/cvca3uYsvGlMwsySWV447y99gUPghxq42BxqLNMndb+a1mm/5/7NeXVQS7RLa2XyXvYg=="
  "resolved" "https://registry.npmjs.org/socket.io-adapter/-/socket.io-adapter-2.4.0.tgz"
  "version" "2.4.0"

"socket.io-parser@~4.2.0":
  "integrity" "sha512-V4GrkLy+HeF1F/en3SpUaM+7XxYXpuMUWLGde1kSSh5nQMN4hLrbPIkD+otwh6q9R6NOQBN4AMaOZ2zVjui82g=="
  "resolved" "https://registry.npmjs.org/socket.io-parser/-/socket.io-parser-4.2.1.tgz"
  "version" "4.2.1"
  dependencies:
    "@socket.io/component-emitter" "~3.1.0"
    "debug" "~4.3.1"

"socket.io@^4.5.3":
  "integrity" "sha512-zdpnnKU+H6mOp7nYRXH4GNv1ux6HL6+lHL8g7Ds7Lj8CkdK1jJK/dlwsKDculbyOHifcJ0Pr/yeXnZQ5GeFrcg=="
  "resolved" "https://registry.npmjs.org/socket.io/-/socket.io-4.5.3.tgz"
  "version" "4.5.3"
  dependencies:
    "accepts" "~1.3.4"
    "base64id" "~2.0.0"
    "debug" "~4.3.2"
    "engine.io" "~6.2.0"
    "socket.io-adapter" "~2.4.0"
    "socket.io-parser" "~4.2.0"

"sonic-boom@^3.1.0":
  "integrity" "sha512-SbbZ+Kqj/XIunvIAgUZRlqd6CGQYq71tRRbXR92Za8J/R3Yh4Av+TWENiSiEgnlwckYLyP0YZQWVfyNC0dzLaA=="
  "resolved" "https://registry.npmjs.org/sonic-boom/-/sonic-boom-3.2.0.tgz"
  "version" "3.2.0"
  dependencies:
    "atomic-sleep" "^1.0.0"

"split2@^4.0.0":
  "integrity" "sha512-VBiJxFkxiXRlUIeyMQi8s4hgvKCSjtknJv/LVYbrgALPwf5zSKmEwV9Lst25AkvMDnvxODugjdl6KZgwKM1WYQ=="
  "resolved" "https://registry.npmjs.org/split2/-/split2-4.1.0.tgz"
  "version" "4.1.0"

"statuses@2.0.1":
  "integrity" "sha512-RwNA9Z/7PrK06rYLIzFMlaF+l73iwpzsqRIFgbMLbTcLD6cOao82TaWefPXQvB2fOC4AjuYSEndS7N/mTCbkdQ=="
  "resolved" "https://registry.npmjs.org/statuses/-/statuses-2.0.1.tgz"
  "version" "2.0.1"

"thread-stream@^2.0.0":
  "integrity" "sha512-rUkv4/fnb4rqy/gGy7VuqK6wE1+1DOCOWy4RMeaV69ZHMP11tQKZvZSip1yTgrKCMZzEMcCL/bKfHvSfDHx+iQ=="
  "resolved" "https://registry.npmjs.org/thread-stream/-/thread-stream-2.2.0.tgz"
  "version" "2.2.0"
  dependencies:
    "real-require" "^0.2.0"

"tiny-lru@^9.0.2":
  "integrity" "sha512-/i9GruRjXsnDgehxvy6iZ4AFNVxngEFbwzirhdulomMNPGPVV3ECMZOWSw0w4sRMZ9Al9m4jy08GPvRxRUGYlw=="
  "resolved" "https://registry.npmjs.org/tiny-lru/-/tiny-lru-9.0.3.tgz"
  "version" "9.0.3"

"toidentifier@1.0.1":
  "integrity" "sha512-o5sSPKEkg/DIQNmH43V0/uerLrpzVedkUh8tGNvaeXpfpuwjKenlSox/2O/BTlZUtEe+JG7s5YhEz608PlAHRA=="
  "resolved" "https://registry.npmjs.org/toidentifier/-/toidentifier-1.0.1.tgz"
  "version" "1.0.1"

"toposort@^2.0.2":
  "integrity" "sha512-0a5EOkAUp8D4moMi2W8ZF8jcga7BgZd91O/yabJCFY8az+XSzeGyTKs0Aoo897iV1Nj6guFq8orWDS96z91oGg=="
  "resolved" "https://registry.npmjs.org/toposort/-/toposort-2.0.2.tgz"
  "version" "2.0.2"

"tslib@^2.1.0":
  "integrity" "sha512-tGyy4dAjRIEwI7BzsB0lynWgOpfqjUdq91XXAlIWD2OwKBH7oCl/GZG/HT4BOHrTlPMOASlMQ7veyTqpmRcrNA=="
  "resolved" "https://registry.npmjs.org/tslib/-/tslib-2.4.1.tgz"
  "version" "2.4.1"

"type-is@~1.6.18":
  "integrity" "sha512-TkRKr9sUTxEH8MdfuCSP7VizJyzRNMjj2J2do2Jr3Kym598JVdEksuzPQCnlFPW4ky9Q+iA+ma9BGm06XQBy8g=="
  "resolved" "https://registry.npmjs.org/type-is/-/type-is-1.6.18.tgz"
  "version" "1.6.18"
  dependencies:
    "media-typer" "0.3.0"
    "mime-types" "~2.1.24"

"underscore@^1.13.6":
  "integrity" "sha512-+A5Sja4HP1M08MaXya7p5LvjuM7K6q/2EaC0+iovj/wOcMsTzMvDFbasi/oSapiwOlt252IqsKqPjCl7huKS0A=="
  "resolved" "https://registry.npmjs.org/underscore/-/underscore-1.13.6.tgz"
  "version" "1.13.6"

"unpipe@~1.0.0", "unpipe@1.0.0":
  "integrity" "sha512-pjy2bYhSsufwWlKwPc+l3cN7+wuJlK6uz0YdJEOlQDbl6jo/YlPi4mb8agUkVC8BF7V8NuzeyPNqRksA3hztKQ=="
  "resolved" "https://registry.npmjs.org/unpipe/-/unpipe-1.0.0.tgz"
  "version" "1.0.0"

"uri-js@^4.2.2":
  "integrity" "sha512-7rKUyy33Q1yc98pQ1DAmLtwX109F7TIfWlW1Ydo8Wl1ii1SeHieeh0HHfPeL2fMXK6z0s8ecKs9frCuLJvndBg=="
  "resolved" "https://registry.npmjs.org/uri-js/-/uri-js-4.4.1.tgz"
  "version" "4.4.1"
  dependencies:
    "punycode" "^2.1.0"

"utils-merge@1.0.1":
  "integrity" "sha512-pMZTvIkT1d+TFGvDOqodOclx0QWkkgi6Tdoa8gC8ffGAAqz9pzPTZWAybbsHHoED/ztMtkv/VoYTYyShUn81hA=="
  "resolved" "https://registry.npmjs.org/utils-merge/-/utils-merge-1.0.1.tgz"
  "version" "1.0.1"

"validator@^13.7.0":
  "integrity" "sha512-nYXQLCBkpJ8X6ltALua9dRrZDHVYxjJ1wgskNt1lH9fzGjs3tgojGSCBjmEPwkWS1y29+DrizMTW19Pr9uB2nw=="
  "resolved" "https://registry.npmjs.org/validator/-/validator-13.7.0.tgz"
  "version" "13.7.0"

"vary@^1", "vary@~1.1.2":
  "integrity" "sha512-BNGbWLfd0eUPabhkXUVm0j8uuvREyTh5ovRa/dyow/BqAbZJyC+5fU+IzQOzmAKzYqYRAISoRhdQr3eIZ/PXqg=="
  "resolved" "https://registry.npmjs.org/vary/-/vary-1.1.2.tgz"
  "version" "1.1.2"

"ws@~8.2.3":
  "integrity" "sha512-wBuoj1BDpC6ZQ1B7DWQBYVLphPWkm8i9Y0/3YdHjHKHiohOJ1ws+3OccDWtH+PoC9DZD5WOTrJvNbWvjS6JWaA=="
  "resolved" "https://registry.npmjs.org/ws/-/ws-8.2.3.tgz"
  "version" "8.2.3"

"yallist@^4.0.0":
  "integrity" "sha512-3wdGidZyq5PB084XLES5TpOSRA3wjXAlIWMhum2kRcv/41Sn2emQ0dycQW4uZXLejwKvg6EsvbdlVL+FYEct7A=="
  "resolved" "https://registry.npmjs.org/yallist/-/yallist-4.0.0.tgz"
  "version" "4.0.0"

"yup@^0.32.11":
  "integrity" "sha512-Z2Fe1bn+eLstG8DRR6FTavGD+MeAwyfmouhHsIUgaADz8jvFKbO/fXc2trJKZg+5EBjh4gGm3iU/t3onKlXHIg=="
  "resolved" "https://registry.npmjs.org/yup/-/yup-0.32.11.tgz"
  "version" "0.32.11"
  dependencies:
    "@babel/runtime" "^7.15.4"
    "@types/lodash" "^4.14.175"
    "lodash" "^4.17.21"
    "lodash-es" "^4.17.21"
    "nanoclone" "^0.2.1"
    "property-expr" "^2.0.4"
    "toposort" "^2.0.2"
